// !$*UTF8*$!
{
	archiveVersion = 1;
	classes = {
	};
	objectVersion = 50;
	objects = {

/* Begin PBXBuildFile section */
		2D17B206221D42640017DD94 /* AppDelegate.m in Sources */ = {isa = PBXBuildFile; fileRef = 2D17B205221D42640017DD94 /* AppDelegate.m */; };
		2D17B209221D42640017DD94 /* ViewController.m in Sources */ = {isa = PBXBuildFile; fileRef = 2D17B208221D42640017DD94 /* ViewController.m */; };
		2D17B20C221D42640017DD94 /* Main.storyboard in Resources */ = {isa = PBXBuildFile; fileRef = 2D17B20A221D42640017DD94 /* Main.storyboard */; };
		2D17B20E221D42650017DD94 /* Assets.xcassets in Resources */ = {isa = PBXBuildFile; fileRef = 2D17B20D221D42650017DD94 /* Assets.xcassets */; };
		2D17B211221D42650017DD94 /* LaunchScreen.storyboard in Resources */ = {isa = PBXBuildFile; fileRef = 2D17B20F221D42650017DD94 /* LaunchScreen.storyboard */; };
		2D17B214221D42650017DD94 /* main.m in Sources */ = {isa = PBXBuildFile; fileRef = 2D17B213221D42650017DD94 /* main.m */; };
		2D17B21E221D42660017DD94 /* CBDownloaderDemoTests.m in Sources */ = {isa = PBXBuildFile; fileRef = 2D17B21D221D42660017DD94 /* CBDownloaderDemoTests.m */; };
		2D17B229221D42660017DD94 /* CBDownloaderDemoUITests.m in Sources */ = {isa = PBXBuildFile; fileRef = 2D17B228221D42660017DD94 /* CBDownloaderDemoUITests.m */; };
		2D17B238221D43F70017DD94 /* CBDownloader.m in Sources */ = {isa = PBXBuildFile; fileRef = 2D17B237221D43F70017DD94 /* CBDownloader.m */; };
/* End PBXBuildFile section */

/* Begin PBXContainerItemProxy section */
		2D17B21A221D42660017DD94 /* PBXContainerItemProxy */ = {
			isa = PBXContainerItemProxy;
			containerPortal = 2D17B1F9221D42640017DD94 /* Project object */;
			proxyType = 1;
			remoteGlobalIDString = 2D17B200221D42640017DD94;
			remoteInfo = CBDownloaderDemo;
		};
		2D17B225221D42660017DD94 /* PBXContainerItemProxy */ = {
			isa = PBXContainerItemProxy;
			containerPortal = 2D17B1F9221D42640017DD94 /* Project object */;
			proxyType = 1;
			remoteGlobalIDString = 2D17B200221D42640017DD94;
			remoteInfo = CBDownloaderDemo;
		};
/* End PBXContainerItemProxy section */

/* Begin PBXFileReference section */
		2D17B201221D42640017DD94 /* CBDownloaderDemo.app */ = {isa = PBXFileReference; explicitFileType = wrapper.application; includeInIndex = 0; path = CBDownloaderDemo.app; sourceTree = BUILT_PRODUCTS_DIR; };
		2D17B204221D42640017DD94 /* AppDelegate.h */ = {isa = PBXFileReference; lastKnownFileType = sourcecode.c.h; path = AppDelegate.h; sourceTree = "<group>"; };
		2D17B205221D42640017DD94 /* AppDelegate.m */ = {isa = PBXFileReference; lastKnownFileType = sourcecode.c.objc; path = AppDelegate.m; sourceTree = "<group>"; };
		2D17B207221D42640017DD94 /* ViewController.h */ = {isa = PBXFileReference; lastKnownFileType = sourcecode.c.h; path = ViewController.h; sourceTree = "<group>"; };
		2D17B208221D42640017DD94 /* ViewController.m */ = {isa = PBXFileReference; lastKnownFileType = sourcecode.c.objc; path = ViewController.m; sourceTree = "<group>"; };
		2D17B20B221D42640017DD94 /* Base */ = {isa = PBXFileReference; lastKnownFileType = file.storyboard; name = Base; path = Base.lproj/Main.storyboard; sourceTree = "<group>"; };
		2D17B20D221D42650017DD94 /* Assets.xcassets */ = {isa = PBXFileReference; lastKnownFileType = folder.assetcatalog; path = Assets.xcassets; sourceTree = "<group>"; };
		2D17B210221D42650017DD94 /* Base */ = {isa = PBXFileReference; lastKnownFileType = file.storyboard; name = Base; path = Base.lproj/LaunchScreen.storyboard; sourceTree = "<group>"; };
		2D17B212221D42650017DD94 /* Info.plist */ = {isa = PBXFileReference; lastKnownFileType = text.plist.xml; path = Info.plist; sourceTree = "<group>"; };
		2D17B213221D42650017DD94 /* main.m */ = {isa = PBXFileReference; lastKnownFileType = sourcecode.c.objc; path = main.m; sourceTree = "<group>"; };
		2D17B219221D42660017DD94 /* CBDownloaderDemoTests.xctest */ = {isa = PBXFileReference; explicitFileType = wrapper.cfbundle; includeInIndex = 0; path = CBDownloaderDemoTests.xctest; sourceTree = BUILT_PRODUCTS_DIR; };
		2D17B21D221D42660017DD94 /* CBDownloaderDemoTests.m */ = {isa = PBXFileReference; lastKnownFileType = sourcecode.c.objc; path = CBDownloaderDemoTests.m; sourceTree = "<group>"; };
		2D17B21F221D42660017DD94 /* Info.plist */ = {isa = PBXFileReference; lastKnownFileType = text.plist.xml; path = Info.plist; sourceTree = "<group>"; };
		2D17B224221D42660017DD94 /* CBDownloaderDemoUITests.xctest */ = {isa = PBXFileReference; explicitFileType = wrapper.cfbundle; includeInIndex = 0; path = CBDownloaderDemoUITests.xctest; sourceTree = BUILT_PRODUCTS_DIR; };
		2D17B228221D42660017DD94 /* CBDownloaderDemoUITests.m */ = {isa = PBXFileReference; lastKnownFileType = sourcecode.c.objc; path = CBDownloaderDemoUITests.m; sourceTree = "<group>"; };
		2D17B22A221D42660017DD94 /* Info.plist */ = {isa = PBXFileReference; lastKnownFileType = text.plist.xml; path = Info.plist; sourceTree = "<group>"; };
		2D17B236221D43F70017DD94 /* CBDownloader.h */ = {isa = PBXFileReference; lastKnownFileType = sourcecode.c.h; path = CBDownloader.h; sourceTree = "<group>"; };
		2D17B237221D43F70017DD94 /* CBDownloader.m */ = {isa = PBXFileReference; lastKnownFileType = sourcecode.c.objc; path = CBDownloader.m; sourceTree = "<group>"; };
/* End PBXFileReference section */

/* Begin PBXFrameworksBuildPhase section */
		2D17B1FE221D42640017DD94 /* Frameworks */ = {
			isa = PBXFrameworksBuildPhase;
			buildActionMask = 2147483647;
			files = (
			);
			runOnlyForDeploymentPostprocessing = 0;
		};
		2D17B216221D42660017DD94 /* Frameworks */ = {
			isa = PBXFrameworksBuildPhase;
			buildActionMask = 2147483647;
			files = (
			);
			runOnlyForDeploymentPostprocessing = 0;
		};
		2D17B221221D42660017DD94 /* Frameworks */ = {
			isa = PBXFrameworksBuildPhase;
			buildActionMask = 2147483647;
			files = (
			);
			runOnlyForDeploymentPostprocessing = 0;
		};
/* End PBXFrameworksBuildPhase section */

/* Begin PBXGroup section */
		2D17B1F8221D42640017DD94 = {
			isa = PBXGroup;
			children = (
				2D17B203221D42640017DD94 /* CBDownloaderDemo */,
				2D17B21C221D42660017DD94 /* CBDownloaderDemoTests */,
				2D17B227221D42660017DD94 /* CBDownloaderDemoUITests */,
				2D17B202221D42640017DD94 /* Products */,
			);
			sourceTree = "<group>";
		};
		2D17B202221D42640017DD94 /* Products */ = {
			isa = PBXGroup;
			children = (
				2D17B201221D42640017DD94 /* CBDownloaderDemo.app */,
				2D17B219221D42660017DD94 /* CBDownloaderDemoTests.xctest */,
				2D17B224221D42660017DD94 /* CBDownloaderDemoUITests.xctest */,
			);
			name = Products;
			sourceTree = "<group>";
		};
		2D17B203221D42640017DD94 /* CBDownloaderDemo */ = {
			isa = PBXGroup;
			children = (
				2D17B204221D42640017DD94 /* AppDelegate.h */,
				2D17B205221D42640017DD94 /* AppDelegate.m */,
				2D17B207221D42640017DD94 /* ViewController.h */,
				2D17B208221D42640017DD94 /* ViewController.m */,
				2D17B236221D43F70017DD94 /* CBDownloader.h */,
				2D17B237221D43F70017DD94 /* CBDownloader.m */,
				2D17B20A221D42640017DD94 /* Main.storyboard */,
				2D17B20D221D42650017DD94 /* Assets.xcassets */,
				2D17B20F221D42650017DD94 /* LaunchScreen.storyboard */,
				2D17B212221D42650017DD94 /* Info.plist */,
				2D17B213221D42650017DD94 /* main.m */,
			);
			path = CBDownloaderDemo;
			sourceTree = "<group>";
		};
		2D17B21C221D42660017DD94 /* CBDownloaderDemoTests */ = {
			isa = PBXGroup;
			children = (
				2D17B21D221D42660017DD94 /* CBDownloaderDemoTests.m */,
				2D17B21F221D42660017DD94 /* Info.plist */,
			);
			path = CBDownloaderDemoTests;
			sourceTree = "<group>";
		};
		2D17B227221D42660017DD94 /* CBDownloaderDemoUITests */ = {
			isa = PBXGroup;
			children = (
				2D17B228221D42660017DD94 /* CBDownloaderDemoUITests.m */,
				2D17B22A221D42660017DD94 /* Info.plist */,
			);
			path = CBDownloaderDemoUITests;
			sourceTree = "<group>";
		};
/* End PBXGroup section */

/* Begin PBXNativeTarget section */
		2D17B200221D42640017DD94 /* CBDownloaderDemo */ = {
			isa = PBXNativeTarget;
			buildConfigurationList = 2D17B22D221D42660017DD94 /* Build configuration list for PBXNativeTarget "CBDownloaderDemo" */;
			buildPhases = (
				2D17B1FD221D42640017DD94 /* Sources */,
				2D17B1FE221D42640017DD94 /* Frameworks */,
				2D17B1FF221D42640017DD94 /* Resources */,
			);
			buildRules = (
			);
			dependencies = (
			);
			name = CBDownloaderDemo;
			productName = CBDownloaderDemo;
			productReference = 2D17B201221D42640017DD94 /* CBDownloaderDemo.app */;
			productType = "com.apple.product-type.application";
		};
		2D17B218221D42660017DD94 /* CBDownloaderDemoTests */ = {
			isa = PBXNativeTarget;
			buildConfigurationList = 2D17B230221D42660017DD94 /* Build configuration list for PBXNativeTarget "CBDownloaderDemoTests" */;
			buildPhases = (
				2D17B215221D42660017DD94 /* Sources */,
				2D17B216221D42660017DD94 /* Frameworks */,
				2D17B217221D42660017DD94 /* Resources */,
			);
			buildRules = (
			);
			dependencies = (
				2D17B21B221D42660017DD94 /* PBXTargetDependency */,
			);
			name = CBDownloaderDemoTests;
			productName = CBDownloaderDemoTests;
			productReference = 2D17B219221D42660017DD94 /* CBDownloaderDemoTests.xctest */;
			productType = "com.apple.product-type.bundle.unit-test";
		};
		2D17B223221D42660017DD94 /* CBDownloaderDemoUITests */ = {
			isa = PBXNativeTarget;
			buildConfigurationList = 2D17B233221D42660017DD94 /* Build configuration list for PBXNativeTarget "CBDownloaderDemoUITests" */;
			buildPhases = (
				2D17B220221D42660017DD94 /* Sources */,
				2D17B221221D42660017DD94 /* Frameworks */,
				2D17B222221D42660017DD94 /* Resources */,
			);
			buildRules = (
			);
			dependencies = (
				2D17B226221D42660017DD94 /* PBXTargetDependency */,
			);
			name = CBDownloaderDemoUITests;
			productName = CBDownloaderDemoUITests;
			productReference = 2D17B224221D42660017DD94 /* CBDownloaderDemoUITests.xctest */;
			productType = "com.apple.product-type.bundle.ui-testing";
		};
/* End PBXNativeTarget section */

/* Begin PBXProject section */
		2D17B1F9221D42640017DD94 /* Project object */ = {
			isa = PBXProject;
			attributes = {
				LastUpgradeCheck = 1010;
				ORGANIZATIONNAME = Ziwutong;
				TargetAttributes = {
					2D17B200221D42640017DD94 = {
						CreatedOnToolsVersion = 10.1;
					};
					2D17B218221D42660017DD94 = {
						CreatedOnToolsVersion = 10.1;
						TestTargetID = 2D17B200221D42640017DD94;
					};
					2D17B223221D42660017DD94 = {
						CreatedOnToolsVersion = 10.1;
						TestTargetID = 2D17B200221D42640017DD94;
					};
				};
			};
			buildConfigurationList = 2D17B1FC221D42640017DD94 /* Build configuration list for PBXProject "CBDownloaderDemo" */;
			compatibilityVersion = "Xcode 9.3";
			developmentRegion = en;
			hasScannedForEncodings = 0;
			knownRegions = (
				en,
				Base,
			);
			mainGroup = 2D17B1F8221D42640017DD94;
			productRefGroup = 2D17B202221D42640017DD94 /* Products */;
			projectDirPath = "";
			projectRoot = "";
			targets = (
				2D17B200221D42640017DD94 /* CBDownloaderDemo */,
				2D17B218221D42660017DD94 /* CBDownloaderDemoTests */,
				2D17B223221D42660017DD94 /* CBDownloaderDemoUITests */,
			);
		};
/* End PBXProject section */

/* Begin PBXResourcesBuildPhase section */
		2D17B1FF221D42640017DD94 /* Resources */ = {
			isa = PBXResourcesBuildPhase;
			buildActionMask = 2147483647;
			files = (
				2D17B211221D42650017DD94 /* LaunchScreen.storyboard in Resources */,
				2D17B20E221D42650017DD94 /* Assets.xcassets in Resources */,
				2D17B20C221D42640017DD94 /* Main.storyboard in Resources */,
			);
			runOnlyForDeploymentPostprocessing = 0;
		};
		2D17B217221D42660017DD94 /* Resources */ = {
			isa = PBXResourcesBuildPhase;
			buildActionMask = 2147483647;
			files = (
			);
			runOnlyForDeploymentPostprocessing = 0;
		};
		2D17B222221D42660017DD94 /* Resources */ = {
			isa = PBXResourcesBuildPhase;
			buildActionMask = 2147483647;
			files = (
			);
			runOnlyForDeploymentPostprocessing = 0;
		};
/* End PBXResourcesBuildPhase section */

/* Begin PBXSourcesBuildPhase section */
		2D17B1FD221D42640017DD94 /* Sources */ = {
			isa = PBXSourcesBuildPhase;
			buildActionMask = 2147483647;
			files = (
				2D17B209221D42640017DD94 /* ViewController.m in Sources */,
				2D17B238221D43F70017DD94 /* CBDownloader.m in Sources */,
				2D17B214221D42650017DD94 /* main.m in Sources */,
				2D17B206221D42640017DD94 /* AppDelegate.m in Sources */,
			);
			runOnlyForDeploymentPostprocessing = 0;
		};
		2D17B215221D42660017DD94 /* Sources */ = {
			isa = PBXSourcesBuildPhase;
			buildActionMask = 2147483647;
			files = (
				2D17B21E221D42660017DD94 /* CBDownloaderDemoTests.m in Sources */,
			);
			runOnlyForDeploymentPostprocessing = 0;
		};
		2D17B220221D42660017DD94 /* Sources */ = {
			isa = PBXSourcesBuildPhase;
			buildActionMask = 2147483647;
			files = (
				2D17B229221D42660017DD94 /* CBDownloaderDemoUITests.m in Sources */,
			);
			runOnlyForDeploymentPostprocessing = 0;
		};
/* End PBXSourcesBuildPhase section */

/* Begin PBXTargetDependency section */
		2D17B21B221D42660017DD94 /* PBXTargetDependency */ = {
			isa = PBXTargetDependency;
			target = 2D17B200221D42640017DD94 /* CBDownloaderDemo */;
			targetProxy = 2D17B21A221D42660017DD94 /* PBXContainerItemProxy */;
		};
		2D17B226221D42660017DD94 /* PBXTargetDependency */ = {
			isa = PBXTargetDependency;
			target = 2D17B200221D42640017DD94 /* CBDownloaderDemo */;
			targetProxy = 2D17B225221D42660017DD94 /* PBXContainerItemProxy */;
		};
/* End PBXTargetDependency section */

/* Begin PBXVariantGroup section */
		2D17B20A221D42640017DD94 /* Main.storyboard */ = {
			isa = PBXVariantGroup;
			children = (
				2D17B20B221D42640017DD94 /* Base */,
			);
			name = Main.storyboard;
			sourceTree = "<group>";
		};
		2D17B20F221D42650017DD94 /* LaunchScreen.storyboard */ = {
			isa = PBXVariantGroup;
			children = (
				2D17B210221D42650017DD94 /* Base */,
			);
			name = LaunchScreen.storyboard;
			sourceTree = "<group>";
		};
/* End PBXVariantGroup section */

/* Begin XCBuildConfiguration section */
		2D17B22B221D42660017DD94 /* Debug */ = {
			isa = XCBuildConfiguration;
			buildSettings = {
				ALWAYS_SEARCH_USER_PATHS = NO;
				CLANG_ANALYZER_NONNULL = YES;
				CLANG_ANALYZER_NUMBER_OBJECT_CONVERSION = YES_AGGRESSIVE;
				CLANG_CXX_LANGUAGE_STANDARD = "gnu++14";
				CLANG_CXX_LIBRARY = "libc++";
				CLANG_ENABLE_MODULES = YES;
				CLANG_ENABLE_OBJC_ARC = YES;
				CLANG_ENABLE_OBJC_WEAK = YES;
				CLANG_WARN_BLOCK_CAPTURE_AUTORELEASING = YES;
				CLANG_WARN_BOOL_CONVERSION = YES;
				CLANG_WARN_COMMA = YES;
				CLANG_WARN_CONSTANT_CONVERSION = YES;
				CLANG_WARN_DEPRECATED_OBJC_IMPLEMENTATIONS = YES;
				CLANG_WARN_DIRECT_OBJC_ISA_USAGE = YES_ERROR;
				CLANG_WARN_DOCUMENTATION_COMMENTS = YES;
				CLANG_WARN_EMPTY_BODY = YES;
				CLANG_WARN_ENUM_CONVERSION = YES;
				CLANG_WARN_INFINITE_RECURSION = YES;
				CLANG_WARN_INT_CONVERSION = YES;
				CLANG_WARN_NON_LITERAL_NULL_CONVERSION = YES;
				CLANG_WARN_OBJC_IMPLICIT_RETAIN_SELF = YES;
				CLANG_WARN_OBJC_LITERAL_CONVERSION = YES;
				CLANG_WARN_OBJC_ROOT_CLASS = YES_ERROR;
				CLANG_WARN_RANGE_LOOP_ANALYSIS = YES;
				CLANG_WARN_STRICT_PROTOTYPES = YES;
				CLANG_WARN_SUSPICIOUS_MOVE = YES;
				CLANG_WARN_UNGUARDED_AVAILABILITY = YES_AGGRESSIVE;
				CLANG_WARN_UNREACHABLE_CODE = YES;
				CLANG_WARN__DUPLICATE_METHOD_MATCH = YES;
				CODE_SIGN_IDENTITY = "iPhone Developer";
				COPY_PHASE_STRIP = NO;
				DEBUG_INFORMATION_FORMAT = dwarf;
				ENABLE_STRICT_OBJC_MSGSEND = YES;
				ENABLE_TESTABILITY = YES;
				GCC_C_LANGUAGE_STANDARD = gnu11;
				GCC_DYNAMIC_NO_PIC = NO;
				GCC_NO_COMMON_BLOCKS = YES;
				GCC_OPTIMIZATION_LEVEL = 0;
				GCC_PREPROCESSOR_DEFINITIONS = (
					"DEBUG=1",
					"$(inherited)",
				);
				GCC_WARN_64_TO_32_BIT_CONVERSION = YES;
				GCC_WARN_ABOUT_RETURN_TYPE = YES_ERROR;
				GCC_WARN_UNDECLARED_SELECTOR = YES;
				GCC_WARN_UNINITIALIZED_AUTOS = YES_AGGRESSIVE;
				GCC_WARN_UNUSED_FUNCTION = YES;
				GCC_WARN_UNUSED_VARIABLE = YES;
				IPHONEOS_DEPLOYMENT_TARGET = 12.1;
				MTL_ENABLE_DEBUG_INFO = INCLUDE_SOURCE;
				MTL_FAST_MATH = YES;
				ONLY_ACTIVE_ARCH = YES;
				SDKROOT = iphoneos;
			};
			name = Debug;
		};
		2D17B22C221D42660017DD94 /* Release */ = {
			isa = XCBuildConfiguration;
			buildSettings = {
				ALWAYS_SEARCH_USER_PATHS = NO;
				CLANG_ANALYZER_NONNULL = YES;
				CLANG_ANALYZER_NUMBER_OBJECT_CONVERSION = YES_AGGRESSIVE;
				CLANG_CXX_LANGUAGE_STANDARD = "gnu++14";
				CLANG_CXX_LIBRARY = "libc++";
				CLANG_ENABLE_MODULES = YES;
				CLANG_ENABLE_OBJC_ARC = YES;
				CLANG_ENABLE_OBJC_WEAK = YES;
				CLANG_WARN_BLOCK_CAPTURE_AUTORELEASING = YES;
				CLANG_WARN_BOOL_CONVERSION = YES;
				CLANG_WARN_COMMA = YES;
				CLANG_WARN_CONSTANT_CONVERSION = YES;
				CLANG_WARN_DEPRECATED_OBJC_IMPLEMENTATIONS = YES;
				CLANG_WARN_DIRECT_OBJC_ISA_USAGE = YES_ERROR;
				CLANG_WARN_DOCUMENTATION_COMMENTS = YES;
				CLANG_WARN_EMPTY_BODY = YES;
				CLANG_WARN_ENUM_CONVERSION = YES;
				CLANG_WARN_INFINITE_RECURSION = YES;
				CLANG_WARN_INT_CONVERSION = YES;
				CLANG_WARN_NON_LITERAL_NULL_CONVERSION = YES;
				CLANG_WARN_OBJC_IMPLICIT_RETAIN_SELF = YES;
				CLANG_WARN_OBJC_LITERAL_CONVERSION = YES;
				CLANG_WARN_OBJC_ROOT_CLASS = YES_ERROR;
				CLANG_WARN_RANGE_LOOP_ANALYSIS = YES;
				CLANG_WARN_STRICT_PROTOTYPES = YES;
				CLANG_WARN_SUSPICIOUS_MOVE = YES;
				CLANG_WARN_UNGUARDED_AVAILABILITY = YES_AGGRESSIVE;
				CLANG_WARN_UNREACHABLE_CODE = YES;
				CLANG_WARN__DUPLICATE_METHOD_MATCH = YES;
				CODE_SIGN_IDENTITY = "iPhone Developer";
				COPY_PHASE_STRIP = NO;
				DEBUG_INFORMATION_FORMAT = "dwarf-with-dsym";
				ENABLE_NS_ASSERTIONS = NO;
				ENABLE_STRICT_OBJC_MSGSEND = YES;
				GCC_C_LANGUAGE_STANDARD = gnu11;
				GCC_NO_COMMON_BLOCKS = YES;
				GCC_WARN_64_TO_32_BIT_CONVERSION = YES;
				GCC_WARN_ABOUT_RETURN_TYPE = YES_ERROR;
				GCC_WARN_UNDECLARED_SELECTOR = YES;
				GCC_WARN_UNINITIALIZED_AUTOS = YES_AGGRESSIVE;
				GCC_WARN_UNUSED_FUNCTION = YES;
				GCC_WARN_UNUSED_VARIABLE = YES;
				IPHONEOS_DEPLOYMENT_TARGET = 12.1;
				MTL_ENABLE_DEBUG_INFO = NO;
				MTL_FAST_MATH = YES;
				SDKROOT = iphoneos;
				VALIDATE_PRODUCT = YES;
			};
			name = Release;
		};
		2D17B22E221D42660017DD94 /* Debug */ = {
			isa = XCBuildConfiguration;
			buildSettings = {
				ASSETCATALOG_COMPILER_APPICON_NAME = AppIcon;
				CODE_SIGN_STYLE = Automatic;
				DEVELOPMENT_TEAM = 53395UF4JK;
				INFOPLIST_FILE = CBDownloaderDemo/Info.plist;
				LD_RUNPATH_SEARCH_PATHS = (
					"$(inherited)",
					"@executable_path/Frameworks",
				);
				PRODUCT_BUNDLE_IDENTIFIER = com.Ziwutong.CBDownloaderDemo;
				PRODUCT_NAME = "$(TARGET_NAME)";
				TARGETED_DEVICE_FAMILY = "1,2";
			};
			name = Debug;
		};
		2D17B22F221D42660017DD94 /* Release */ = {
			isa = XCBuildConfiguration;
			buildSettings = {
				ASSETCATALOG_COMPILER_APPICON_NAME = AppIcon;
				CODE_SIGN_STYLE = Automatic;
				DEVELOPMENT_TEAM = 53395UF4JK;
				INFOPLIST_FILE = CBDownloaderDemo/Info.plist;
				LD_RUNPATH_SEARCH_PATHS = (
					"$(inherited)",
					"@executable_path/Frameworks",
				);
				PRODUCT_BUNDLE_IDENTIFIER = com.Ziwutong.CBDownloaderDemo;
				PRODUCT_NAME = "$(TARGET_NAME)";
				TARGETED_DEVICE_FAMILY = "1,2";
			};
			name = Release;
		};
		2D17B231221D42660017DD94 /* Debug */ = {
			isa = XCBuildConfiguration;
			buildSettings = {
				BUNDLE_LOADER = "$(TEST_HOST)";
				CODE_SIGN_STYLE = Automatic;
				DEVELOPMENT_TEAM = 53395UF4JK;
				INFOPLIST_FILE = CBDownloaderDemoTests/Info.plist;
				LD_RUNPATH_SEARCH_PATHS = (
					"$(inherited)",
					"@executable_path/Frameworks",
					"@loader_path/Frameworks",
				);
				PRODUCT_BUNDLE_IDENTIFIER = com.Ziwutong.CBDownloaderDemoTests;
				PRODUCT_NAME = "$(TARGET_NAME)";
				TARGETED_DEVICE_FAMILY = "1,2";
				TEST_HOST = "$(BUILT_PRODUCTS_DIR)/CBDownloaderDemo.app/CBDownloaderDemo";
			};
			name = Debug;
		};
		2D17B232221D42660017DD94 /* Release */ = {
			isa = XCBuildConfiguration;
			buildSettings = {
				BUNDLE_LOADER = "$(TEST_HOST)";
				CODE_SIGN_STYLE = Automatic;
				DEVELOPMENT_TEAM = 53395UF4JK;
				INFOPLIST_FILE = CBDownloaderDemoTests/Info.plist;
				LD_RUNPATH_SEARCH_PATHS = (
					"$(inherited)",
					"@executable_path/Frameworks",
					"@loader_path/Frameworks",
				);
				PRODUCT_BUNDLE_IDENTIFIER = com.Ziwutong.CBDownloaderDemoTests;
				PRODUCT_NAME = "$(TARGET_NAME)";
				TARGETED_DEVICE_FAMILY = "1,2";
				TEST_HOST = "$(BUILT_PRODUCTS_DIR)/CBDownloaderDemo.app/CBDownloaderDemo";
			};
			name = Release;
		};
		2D17B234221D42660017DD94 /* Debug */ = {
			isa = XCBuildConfiguration;
			buildSettings = {
				CODE_SIGN_STYLE = Automatic;
				DEVELOPMENT_TEAM = 53395UF4JK;
				INFOPLIST_FILE = CBDownloaderDemoUITests/Info.plist;
				LD_RUNPATH_SEARCH_PATHS = (
					"$(inherited)",
					"@executable_path/Frameworks",
					"@loader_path/Frameworks",
				);
				PRODUCT_BUNDLE_IDENTIFIER = com.Ziwutong.CBDownloaderDemoUITests;
				PRODUCT_NAME = "$(TARGET_NAME)";
				TARGETED_DEVICE_FAMILY = "1,2";
				TEST_TARGET_NAME = CBDownloaderDemo;
			};
			name = Debug;
		};
		2D17B235221D42660017DD94 /* Release */ = {
			isa = XCBuildConfiguration;
			buildSettings = {
				CODE_SIGN_STYLE = Automatic;
				DEVELOPMENT_TEAM = 53395UF4JK;
				INFOPLIST_FILE = CBDownloaderDemoUITests/Info.plist;
				LD_RUNPATH_SEARCH_PATHS = (
					"$(inherited)",
					"@executable_path/Frameworks",
					"@loader_path/Frameworks",
				);
				PRODUCT_BUNDLE_IDENTIFIER = com.Ziwutong.CBDownloaderDemoUITests;
				PRODUCT_NAME = "$(TARGET_NAME)";
				TARGETED_DEVICE_FAMILY = "1,2";
				TEST_TARGET_NAME = CBDownloaderDemo;
			};
			name = Release;
		};
/* End XCBuildConfiguration section */

/* Begin XCConfigurationList section */
		2D17B1FC221D42640017DD94 /* Build configuration list for PBXProject "CBDownloaderDemo" */ = {
			isa = XCConfigurationList;
			buildConfigurations = (
				2D17B22B221D42660017DD94 /* Debug */,
				2D17B22C221D42660017DD94 /* Release */,
			);
			defaultConfigurationIsVisible = 0;
			defaultConfigurationName = Release;
		};
		2D17B22D221D42660017DD94 /* Build configuration list for PBXNativeTarget "CBDownloaderDemo" */ = {
			isa = XCConfigurationList;
			buildConfigurations = (
				2D17B22E221D42660017DD94 /* Debug */,
				2D17B22F221D42660017DD94 /* Release */,
			);
			defaultConfigurationIsVisible = 0;
			defaultConfigurationName = Release;
		};
		2D17B230221D42660017DD94 /* Build configuration list for PBXNativeTarget "CBDownloaderDemoTests" */ = {
			isa = XCConfigurationList;
			buildConfigurations = (
				2D17B231221D42660017DD94 /* Debug */,
				2D17B232221D42660017DD94 /* Release */,
			);
			defaultConfigurationIsVisible = 0;
			defaultConfigurationName = Release;
		};
		2D17B233221D42660017DD94 /* Build configuration list for PBXNativeTarget "CBDownloaderDemoUITests" */ = {
			isa = XCConfigurationList;
			buildConfigurations = (
				2D17B234221D42660017DD94 /* Debug */,
				2D17B235221D42660017DD94 /* Release */,
			);
			defaultConfigurationIsVisible = 0;
			defaultConfigurationName = Release;
		};
/* End XCConfigurationList section */
	};
	rootObject = 2D17B1F9221D42640017DD94 /* Project object */;
}
